
Microsoft Visual Studio Solution File, Format Version 12.00
# Visual Studio 15
VisualStudioVersion = 15.0.26730.12
MinimumVisualStudioVersion = 10.0.40219.1
Project("{FAE04EC0-301F-11D3-BF4B-00C04F79EFBC}") = "WorkOrderManagementSystem", "WorkOrderManagementSystem\WorkOrderManagementSystem.csproj", "{928F428D-67FA-41EA-A667-F970E352BC71}"
EndProject
Global
	GlobalSection(SolutionConfigurationPlatforms) = preSolution
		Debug|Any CPU = Debug|Any CPU
		Release|Any CPU = Release|Any CPU
	EndGlobalSection
	GlobalSection(ProjectConfigurationPlatforms) = postSolution
		{928F428D-67FA-41EA-A667-F970E352BC71}.Debug|Any CPU.ActiveCfg = Debug|Any CPU
		{928F428D-67FA-41EA-A667-F970E352BC71}.Debug|Any CPU.Build.0 = Debug|Any CPU
		{928F428D-67FA-41EA-A667-F970E352BC71}.Release|Any CPU.ActiveCfg = Release|Any CPU
		{928F428D-67FA-41EA-A667-F970E352BC71}.Release|Any CPU.Build.0 = Release|Any CPU
	EndGlobalSection
	GlobalSection(SolutionProperties) = preSolution
		HideSolutionNode = FALSE
	EndGlobalSection
	GlobalSection(ExtensibilityGlobals) = postSolution
		SolutionGuid = {EDF0B8C1-93C0-441A-B2EE-81DDC9F86C64}
	EndGlobalSection
EndGlobal
